
Microsoft Visual Studio Solution File, Format Version 12.00
# Visual Studio Version 17
VisualStudioVersion = 17.4.33403.182
MinimumVisualStudioVersion = 10.0.40219.1
Project("{FAE04EC0-301F-11D3-BF4B-00C04F79EFBC}") = "HeroMaker", "HeroMaker.csproj", "{5F3C3F29-6BE1-41A9-8C96-2267F01C8899}"
EndProject
Global
	GlobalSection(SolutionConfigurationPlatforms) = preSolution
		Debug|Any CPU = Debug|Any CPU
		Release|Any CPU = Release|Any CPU
	EndGlobalSection
	GlobalSection(ProjectConfigurationPlatforms) = postSolution
		{5F3C3F29-6BE1-41A9-8C96-2267F01C8899}.Debug|Any CPU.ActiveCfg = Debug|Any CPU
		{5F3C3F29-6BE1-41A9-8C96-2267F01C8899}.Debug|Any CPU.Build.0 = Debug|Any CPU
		{5F3C3F29-6BE1-41A9-8C96-2267F01C8899}.Release|Any CPU.ActiveCfg = Release|Any CPU
		{5F3C3F29-6BE1-41A9-8C96-2267F01C8899}.Release|Any CPU.Build.0 = Release|Any CPU
	EndGlobalSection
	GlobalSection(SolutionProperties) = preSolution
		HideSolutionNode = FALSE
	EndGlobalSection
	GlobalSection(ExtensibilityGlobals) = postSolution
		SolutionGuid = {C6E6F3F1-B81C-4434-B5A7-F2E930E79917}
	EndGlobalSection
EndGlobal
